
Microsoft Visual Studio Solution File, Format Version 12.00
# Visual Studio 14
VisualStudioVersion = 14.0.25420.1
MinimumVisualStudioVersion = 10.0.40219.1
Project("{FAE04EC0-301F-11D3-BF4B-00C04F79EFBC}") = "CadastroDeProdutos", "CadastroDeProdutos\CadastroDeProdutos.csproj", "{C5787E3E-4CCD-4844-8FE2-2C790DA5A58C}"
EndProject
Project("{FAE04EC0-301F-11D3-BF4B-00C04F79EFBC}") = "BLL", "BLL\BLL.csproj", "{8059A8C5-3F3B-4665-8EFE-57AA70CA602B}"
EndProject
Project("{FAE04EC0-301F-11D3-BF4B-00C04F79EFBC}") = "DTO", "DTO\DTO.csproj", "{C285A144-F9D1-433A-9FCB-D34D4FBF7C96}"
EndProject
Project("{FAE04EC0-301F-11D3-BF4B-00C04F79EFBC}") = "DAL", "DAL\DAL.csproj", "{203C4026-525A-4DA9-810B-E03B86F83C7D}"
EndProject
Project("{FAE04EC0-301F-11D3-BF4B-00C04F79EFBC}") = "FormLogin", "FormLogin\FormLogin.csproj", "{EAA459D9-0675-409D-A2C8-F32DA8B411AA}"
EndProject
Global
	GlobalSection(SolutionConfigurationPlatforms) = preSolution
		Debug|Any CPU = Debug|Any CPU
		Release|Any CPU = Release|Any CPU
	EndGlobalSection
	GlobalSection(ProjectConfigurationPlatforms) = postSolution
		{C5787E3E-4CCD-4844-8FE2-2C790DA5A58C}.Debug|Any CPU.ActiveCfg = Debug|Any CPU
		{C5787E3E-4CCD-4844-8FE2-2C790DA5A58C}.Debug|Any CPU.Build.0 = Debug|Any CPU
		{C5787E3E-4CCD-4844-8FE2-2C790DA5A58C}.Release|Any CPU.ActiveCfg = Release|Any CPU
		{C5787E3E-4CCD-4844-8FE2-2C790DA5A58C}.Release|Any CPU.Build.0 = Release|Any CPU
		{8059A8C5-3F3B-4665-8EFE-57AA70CA602B}.Debug|Any CPU.ActiveCfg = Debug|Any CPU
		{8059A8C5-3F3B-4665-8EFE-57AA70CA602B}.Debug|Any CPU.Build.0 = Debug|Any CPU
		{8059A8C5-3F3B-4665-8EFE-57AA70CA602B}.Release|Any CPU.ActiveCfg = Release|Any CPU
		{8059A8C5-3F3B-4665-8EFE-57AA70CA602B}.Release|Any CPU.Build.0 = Release|Any CPU
		{C285A144-F9D1-433A-9FCB-D34D4FBF7C96}.Debug|Any CPU.ActiveCfg = Debug|Any CPU
		{C285A144-F9D1-433A-9FCB-D34D4FBF7C96}.Debug|Any CPU.Build.0 = Debug|Any CPU
		{C285A144-F9D1-433A-9FCB-D34D4FBF7C96}.Release|Any CPU.ActiveCfg = Release|Any CPU
		{C285A144-F9D1-433A-9FCB-D34D4FBF7C96}.Release|Any CPU.Build.0 = Release|Any CPU
		{203C4026-525A-4DA9-810B-E03B86F83C7D}.Debug|Any CPU.ActiveCfg = Debug|Any CPU
		{203C4026-525A-4DA9-810B-E03B86F83C7D}.Debug|Any CPU.Build.0 = Debug|Any CPU
		{203C4026-525A-4DA9-810B-E03B86F83C7D}.Release|Any CPU.ActiveCfg = Release|Any CPU
		{203C4026-525A-4DA9-810B-E03B86F83C7D}.Release|Any CPU.Build.0 = Release|Any CPU
		{EAA459D9-0675-409D-A2C8-F32DA8B411AA}.Debug|Any CPU.ActiveCfg = Debug|Any CPU
		{EAA459D9-0675-409D-A2C8-F32DA8B411AA}.Debug|Any CPU.Build.0 = Debug|Any CPU
		{EAA459D9-0675-409D-A2C8-F32DA8B411AA}.Release|Any CPU.ActiveCfg = Release|Any CPU
		{EAA459D9-0675-409D-A2C8-F32DA8B411AA}.Release|Any CPU.Build.0 = Release|Any CPU
	EndGlobalSection
	GlobalSection(SolutionProperties) = preSolution
		HideSolutionNode = FALSE
	EndGlobalSection
EndGlobal
